
Microsoft Visual Studio Solution File, Format Version 12.00
# Visual Studio 15
Project("{FAE04EC0-301F-11D3-BF4B-00C04F79EFBC}") = "UnityEngine.UI", "UnityEngine.UI.csproj", "{28910757-B2BE-3DFC-7D5B-6DBDFAEF9F92}"
EndProject
Project("{FAE04EC0-301F-11D3-BF4B-00C04F79EFBC}") = "UnityEngine.TestRunner", "UnityEngine.TestRunner.csproj", "{11001739-1E4E-FA9D-9E80-345A0807204F}"
EndProject
Project("{FAE04EC0-301F-11D3-BF4B-00C04F79EFBC}") = "Unity.Mathematics", "Unity.Mathematics.csproj", "{DB7A05EF-277C-F5A3-E468-E7A8C039EB9F}"
EndProject
Project("{FAE04EC0-301F-11D3-BF4B-00C04F79EFBC}") = "Unity.2D.Animation.Triangle.Runtime", "Unity.2D.Animation.Triangle.Runtime.csproj", "{492AA109-24C4-77B8-29FD-6B4198B33C9B}"
EndProject
Project("{FAE04EC0-301F-11D3-BF4B-00C04F79EFBC}") = "Unity.Timeline", "Unity.Timeline.csproj", "{2FD0D1FB-8311-AC8C-CA16-0DF0A05ADA5B}"
EndProject
Project("{FAE04EC0-301F-11D3-BF4B-00C04F79EFBC}") = "Cinemachine", "Cinemachine.csproj", "{975CC09A-6176-E5A7-1873-AED8245D1247}"
EndProject
Project("{FAE04EC0-301F-11D3-BF4B-00C04F79EFBC}") = "Unity.TextMeshPro", "Unity.TextMeshPro.csproj", "{83CDC553-64DE-D9F3-3B65-1E05444389D5}"
EndProject
Project("{FAE04EC0-301F-11D3-BF4B-00C04F79EFBC}") = "Unity.2D.Animation.Runtime", "Unity.2D.Animation.Runtime.csproj", "{75964392-E192-DB64-22C0-75D042F7C56E}"
EndProject
Project("{FAE04EC0-301F-11D3-BF4B-00C04F79EFBC}") = "Unity.2D.IK.Runtime", "Unity.2D.IK.Runtime.csproj", "{C593494E-CB74-7CF3-6F03-2284FAC37CB2}"
EndProject
Project("{FAE04EC0-301F-11D3-BF4B-00C04F79EFBC}") = "Assembly-CSharp", "Assembly-CSharp.csproj", "{8F493F96-D67A-9C0D-2530-1F26B508AA61}"
EndProject
Project("{FAE04EC0-301F-11D3-BF4B-00C04F79EFBC}") = "Unity.2D.SpriteShape.Runtime", "Unity.2D.SpriteShape.Runtime.csproj", "{4885D766-A765-3E11-0555-6B85E3EF74DE}"
EndProject
Project("{FAE04EC0-301F-11D3-BF4B-00C04F79EFBC}") = "Unity.2D.PixelPerfect", "Unity.2D.PixelPerfect.csproj", "{9906A570-369A-D571-00E6-75775DC9D68E}"
EndProject
Project("{FAE04EC0-301F-11D3-BF4B-00C04F79EFBC}") = "Unity.2D.Common.Runtime", "Unity.2D.Common.Runtime.csproj", "{CF2357DB-5A95-8DFE-98CD-BFFFE23F52CF}"
EndProject
Project("{FAE04EC0-301F-11D3-BF4B-00C04F79EFBC}") = "Unity.InternalAPIEngineBridge.001", "Unity.InternalAPIEngineBridge.001.csproj", "{676519D1-6CD8-5D0B-1AE7-7CAD989E499D}"
EndProject
Project("{FAE04EC0-301F-11D3-BF4B-00C04F79EFBC}") = "UnityEditor.TestRunner", "UnityEditor.TestRunner.csproj", "{1273ADC5-C84F-56D8-E5A3-886E03499C8F}"
EndProject
Project("{FAE04EC0-301F-11D3-BF4B-00C04F79EFBC}") = "UnityEditor.UI", "UnityEditor.UI.csproj", "{BD115AF3-B0C5-529E-3961-D602B0ED1DB4}"
EndProject
Project("{FAE04EC0-301F-11D3-BF4B-00C04F79EFBC}") = "Unity.Timeline.Editor", "Unity.Timeline.Editor.csproj", "{F987832F-3A84-EDAA-2B3D-AE0833E50E05}"
EndProject
Project("{FAE04EC0-301F-11D3-BF4B-00C04F79EFBC}") = "Unity.VisualStudio.Editor", "Unity.VisualStudio.Editor.csproj", "{9F1D68BE-B2BF-517B-A45C-FEF79144DDEF}"
EndProject
Project("{FAE04EC0-301F-11D3-BF4B-00C04F79EFBC}") = "com.unity.cinemachine.editor", "com.unity.cinemachine.editor.csproj", "{FE4AFF69-8CC2-962A-B812-C8C0A35A53C5}"
EndProject
Project("{FAE04EC0-301F-11D3-BF4B-00C04F79EFBC}") = "Unity.2D.Psdimporter.Editor", "Unity.2D.Psdimporter.Editor.csproj", "{0D7A673D-F142-81C9-4D56-DD8134B5CA4C}"
EndProject
Project("{FAE04EC0-301F-11D3-BF4B-00C04F79EFBC}") = "Unity.2D.Animation.Editor", "Unity.2D.Animation.Editor.csproj", "{1FAB5F61-2A7B-A5D5-67F4-0B441A5F95D3}"
EndProject
Project("{FAE04EC0-301F-11D3-BF4B-00C04F79EFBC}") = "Unity.TextMeshPro.Editor", "Unity.TextMeshPro.Editor.csproj", "{0881E9ED-0175-7F79-EC88-2F3CE4B379DC}"
EndProject
Project("{FAE04EC0-301F-11D3-BF4B-00C04F79EFBC}") = "Unity.2D.SpriteShape.Editor", "Unity.2D.SpriteShape.Editor.csproj", "{ADD3C018-5478-88C6-1548-D979E45D2BAB}"
EndProject
Project("{FAE04EC0-301F-11D3-BF4B-00C04F79EFBC}") = "PsdPlugin", "PsdPlugin.csproj", "{592DB279-1B3B-9DB9-4568-B17B8A2CC8B5}"
EndProject
Project("{FAE04EC0-301F-11D3-BF4B-00C04F79EFBC}") = "Unity.2D.Path.Editor", "Unity.2D.Path.Editor.csproj", "{B32B930B-5ACC-3C4E-91F4-BEC6E6C591F1}"
EndProject
Project("{FAE04EC0-301F-11D3-BF4B-00C04F79EFBC}") = "Unity.Rider.Editor", "Unity.Rider.Editor.csproj", "{A7807627-1E9D-4C53-1D5A-5ECB1BC28DDA}"
EndProject
Project("{FAE04EC0-301F-11D3-BF4B-00C04F79EFBC}") = "Unity.2D.IK.Editor", "Unity.2D.IK.Editor.csproj", "{4E0D2208-92B7-6444-5924-8B996BB37624}"
EndProject
Project("{FAE04EC0-301F-11D3-BF4B-00C04F79EFBC}") = "Unity.2D.Sprite.Editor", "Unity.2D.Sprite.Editor.csproj", "{41A416DA-05CF-BAA4-98F1-014BE7EF07AE}"
EndProject
Project("{FAE04EC0-301F-11D3-BF4B-00C04F79EFBC}") = "Unity.2D.Tilemap.Editor", "Unity.2D.Tilemap.Editor.csproj", "{69DBD8B3-5A76-1DE2-5977-1FA194B98D8A}"
EndProject
Project("{FAE04EC0-301F-11D3-BF4B-00C04F79EFBC}") = "Unity.2D.PixelPerfect.Editor", "Unity.2D.PixelPerfect.Editor.csproj", "{FCB1684A-BAAE-B31A-8D70-3DB9735D426E}"
EndProject
Project("{FAE04EC0-301F-11D3-BF4B-00C04F79EFBC}") = "Unity.VSCode.Editor", "Unity.VSCode.Editor.csproj", "{48E1C7EE-20E2-344E-4BD3-532564FA1F80}"
EndProject
Project("{FAE04EC0-301F-11D3-BF4B-00C04F79EFBC}") = "Unity.2D.Common.Editor", "Unity.2D.Common.Editor.csproj", "{08ECB7C6-3918-F79C-3E20-BAD2FF6B2D61}"
EndProject
Project("{FAE04EC0-301F-11D3-BF4B-00C04F79EFBC}") = "Unity.Mathematics.Editor", "Unity.Mathematics.Editor.csproj", "{458C1562-E6B5-A8B8-16A1-19CECB5E5431}"
EndProject
Project("{FAE04EC0-301F-11D3-BF4B-00C04F79EFBC}") = "Unity.InternalAPIEditorBridge.001", "Unity.InternalAPIEditorBridge.001.csproj", "{82FE8A3C-7390-61C5-CC00-903B7B7DFD03}"
EndProject
Project("{FAE04EC0-301F-11D3-BF4B-00C04F79EFBC}") = "UnityEngine.UI", "UnityEngine.UI.Player.csproj", "{E66811A5-4E8C-D000-3EBC-80F8AADB0934}"
EndProject
Project("{FAE04EC0-301F-11D3-BF4B-00C04F79EFBC}") = "UnityEngine.TestRunner", "UnityEngine.TestRunner.Player.csproj", "{BC325C1F-A1F0-52C0-6B39-8F9E08F82905}"
EndProject
Project("{FAE04EC0-301F-11D3-BF4B-00C04F79EFBC}") = "Unity.Mathematics", "Unity.Mathematics.Player.csproj", "{7266FFEA-1B6E-991F-CD51-C22FA2ECEA2F}"
EndProject
Project("{FAE04EC0-301F-11D3-BF4B-00C04F79EFBC}") = "Unity.2D.Animation.Triangle.Runtime", "Unity.2D.Animation.Triangle.Runtime.Player.csproj", "{23E34377-0556-F16A-9501-31840206E778}"
EndProject
Project("{FAE04EC0-301F-11D3-BF4B-00C04F79EFBC}") = "Unity.Timeline", "Unity.Timeline.Player.csproj", "{785AA361-AC49-4FD4-2755-82AF5209C206}"
EndProject
Project("{FAE04EC0-301F-11D3-BF4B-00C04F79EFBC}") = "Cinemachine", "Cinemachine.Player.csproj", "{5AE15A52-995B-2446-584C-A225FC186024}"
EndProject
Project("{FAE04EC0-301F-11D3-BF4B-00C04F79EFBC}") = "Unity.TextMeshPro", "Unity.TextMeshPro.Player.csproj", "{AAE369E7-AEF6-9206-0AAA-83966E488F01}"
EndProject
Project("{FAE04EC0-301F-11D3-BF4B-00C04F79EFBC}") = "Unity.2D.Animation.Runtime", "Unity.2D.Animation.Runtime.Player.csproj", "{5B55EEFD-D01F-3958-6B3C-28D3E72F0C91}"
EndProject
Project("{FAE04EC0-301F-11D3-BF4B-00C04F79EFBC}") = "Unity.2D.IK.Runtime", "Unity.2D.IK.Runtime.Player.csproj", "{30064E2D-2A90-9BB5-4144-E6FB5C663C4E}"
EndProject
Project("{FAE04EC0-301F-11D3-BF4B-00C04F79EFBC}") = "Assembly-CSharp", "Assembly-CSharp.Player.csproj", "{BD7F7EB3-F83E-F43E-0ED3-3ADA207908E8}"
EndProject
Project("{FAE04EC0-301F-11D3-BF4B-00C04F79EFBC}") = "Unity.2D.SpriteShape.Runtime", "Unity.2D.SpriteShape.Runtime.Player.csproj", "{E558D8A4-B7F1-3440-BEFB-6B02751CF57B}"
EndProject
Project("{FAE04EC0-301F-11D3-BF4B-00C04F79EFBC}") = "Unity.2D.PixelPerfect", "Unity.2D.PixelPerfect.Player.csproj", "{F1DA1A83-97BC-0640-5573-10AE2938E1F5}"
EndProject
Project("{FAE04EC0-301F-11D3-BF4B-00C04F79EFBC}") = "Unity.2D.Common.Runtime", "Unity.2D.Common.Runtime.Player.csproj", "{9536EE85-2EFF-B14B-5894-ACC1B47D027E}"
EndProject
Project("{FAE04EC0-301F-11D3-BF4B-00C04F79EFBC}") = "Unity.InternalAPIEngineBridge.001", "Unity.InternalAPIEngineBridge.001.Player.csproj", "{990A6B06-8FF8-AB73-8715-3E3B575CF684}"
EndProject
Global
	GlobalSection(SolutionConfigurationPlatforms) = preSolution
		Debug|Any CPU = Debug|Any CPU
		Release|Any CPU = Release|Any CPU
	EndGlobalSection
	GlobalSection(ProjectConfigurationPlatforms) = postSolution
		{28910757-B2BE-3DFC-7D5B-6DBDFAEF9F92}.Debug|Any CPU.ActiveCfg = Debug|Any CPU
		{28910757-B2BE-3DFC-7D5B-6DBDFAEF9F92}.Debug|Any CPU.Build.0 = Debug|Any CPU
		{28910757-B2BE-3DFC-7D5B-6DBDFAEF9F92}.Release|Any CPU.ActiveCfg = Release|Any CPU
		{28910757-B2BE-3DFC-7D5B-6DBDFAEF9F92}.Release|Any CPU.Build.0 = Release|Any CPU
		{11001739-1E4E-FA9D-9E80-345A0807204F}.Debug|Any CPU.ActiveCfg = Debug|Any CPU
		{11001739-1E4E-FA9D-9E80-345A0807204F}.Debug|Any CPU.Build.0 = Debug|Any CPU
		{11001739-1E4E-FA9D-9E80-345A0807204F}.Release|Any CPU.ActiveCfg = Release|Any CPU
		{11001739-1E4E-FA9D-9E80-345A0807204F}.Release|Any CPU.Build.0 = Release|Any CPU
		{DB7A05EF-277C-F5A3-E468-E7A8C039EB9F}.Debug|Any CPU.ActiveCfg = Debug|Any CPU
		{DB7A05EF-277C-F5A3-E468-E7A8C039EB9F}.Debug|Any CPU.Build.0 = Debug|Any CPU
		{DB7A05EF-277C-F5A3-E468-E7A8C039EB9F}.Release|Any CPU.ActiveCfg = Release|Any CPU
		{DB7A05EF-277C-F5A3-E468-E7A8C039EB9F}.Release|Any CPU.Build.0 = Release|Any CPU
		{492AA109-24C4-77B8-29FD-6B4198B33C9B}.Debug|Any CPU.ActiveCfg = Debug|Any CPU
		{492AA109-24C4-77B8-29FD-6B4198B33C9B}.Debug|Any CPU.Build.0 = Debug|Any CPU
		{492AA109-24C4-77B8-29FD-6B4198B33C9B}.Release|Any CPU.ActiveCfg = Release|Any CPU
		{492AA109-24C4-77B8-29FD-6B4198B33C9B}.Release|Any CPU.Build.0 = Release|Any CPU
		{2FD0D1FB-8311-AC8C-CA16-0DF0A05ADA5B}.Debug|Any CPU.ActiveCfg = Debug|Any CPU
		{2FD0D1FB-8311-AC8C-CA16-0DF0A05ADA5B}.Debug|Any CPU.Build.0 = Debug|Any CPU
		{2FD0D1FB-8311-AC8C-CA16-0DF0A05ADA5B}.Release|Any CPU.ActiveCfg = Release|Any CPU
		{2FD0D1FB-8311-AC8C-CA16-0DF0A05ADA5B}.Release|Any CPU.Build.0 = Release|Any CPU
		{975CC09A-6176-E5A7-1873-AED8245D1247}.Debug|Any CPU.ActiveCfg = Debug|Any CPU
		{975CC09A-6176-E5A7-1873-AED8245D1247}.Debug|Any CPU.Build.0 = Debug|Any CPU
		{975CC09A-6176-E5A7-1873-AED8245D1247}.Release|Any CPU.ActiveCfg = Release|Any CPU
		{975CC09A-6176-E5A7-1873-AED8245D1247}.Release|Any CPU.Build.0 = Release|Any CPU
		{83CDC553-64DE-D9F3-3B65-1E05444389D5}.Debug|Any CPU.ActiveCfg = Debug|Any CPU
		{83CDC553-64DE-D9F3-3B65-1E05444389D5}.Debug|Any CPU.Build.0 = Debug|Any CPU
		{83CDC553-64DE-D9F3-3B65-1E05444389D5}.Release|Any CPU.ActiveCfg = Release|Any CPU
		{83CDC553-64DE-D9F3-3B65-1E05444389D5}.Release|Any CPU.Build.0 = Release|Any CPU
		{75964392-E192-DB64-22C0-75D042F7C56E}.Debug|Any CPU.ActiveCfg = Debug|Any CPU
		{75964392-E192-DB64-22C0-75D042F7C56E}.Debug|Any CPU.Build.0 = Debug|Any CPU
		{75964392-E192-DB64-22C0-75D042F7C56E}.Release|Any CPU.ActiveCfg = Release|Any CPU
		{75964392-E192-DB64-22C0-75D042F7C56E}.Release|Any CPU.Build.0 = Release|Any CPU
		{C593494E-CB74-7CF3-6F03-2284FAC37CB2}.Debug|Any CPU.ActiveCfg = Debug|Any CPU
		{C593494E-CB74-7CF3-6F03-2284FAC37CB2}.Debug|Any CPU.Build.0 = Debug|Any CPU
		{C593494E-CB74-7CF3-6F03-2284FAC37CB2}.Release|Any CPU.ActiveCfg = Release|Any CPU
		{C593494E-CB74-7CF3-6F03-2284FAC37CB2}.Release|Any CPU.Build.0 = Release|Any CPU
		{8F493F96-D67A-9C0D-2530-1F26B508AA61}.Debug|Any CPU.ActiveCfg = Debug|Any CPU
		{8F493F96-D67A-9C0D-2530-1F26B508AA61}.Debug|Any CPU.Build.0 = Debug|Any CPU
		{8F493F96-D67A-9C0D-2530-1F26B508AA61}.Release|Any CPU.ActiveCfg = Release|Any CPU
		{8F493F96-D67A-9C0D-2530-1F26B508AA61}.Release|Any CPU.Build.0 = Release|Any CPU
		{4885D766-A765-3E11-0555-6B85E3EF74DE}.Debug|Any CPU.ActiveCfg = Debug|Any CPU
		{4885D766-A765-3E11-0555-6B85E3EF74DE}.Debug|Any CPU.Build.0 = Debug|Any CPU
		{4885D766-A765-3E11-0555-6B85E3EF74DE}.Release|Any CPU.ActiveCfg = Release|Any CPU
		{4885D766-A765-3E11-0555-6B85E3EF74DE}.Release|Any CPU.Build.0 = Release|Any CPU
		{9906A570-369A-D571-00E6-75775DC9D68E}.Debug|Any CPU.ActiveCfg = Debug|Any CPU
		{9906A570-369A-D571-00E6-75775DC9D68E}.Debug|Any CPU.Build.0 = Debug|Any CPU
		{9906A570-369A-D571-00E6-75775DC9D68E}.Release|Any CPU.ActiveCfg = Release|Any CPU
		{9906A570-369A-D571-00E6-75775DC9D68E}.Release|Any CPU.Build.0 = Release|Any CPU
		{CF2357DB-5A95-8DFE-98CD-BFFFE23F52CF}.Debug|Any CPU.ActiveCfg = Debug|Any CPU
		{CF2357DB-5A95-8DFE-98CD-BFFFE23F52CF}.Debug|Any CPU.Build.0 = Debug|Any CPU
		{CF2357DB-5A95-8DFE-98CD-BFFFE23F52CF}.Release|Any CPU.ActiveCfg = Release|Any CPU
		{CF2357DB-5A95-8DFE-98CD-BFFFE23F52CF}.Release|Any CPU.Build.0 = Release|Any CPU
		{676519D1-6CD8-5D0B-1AE7-7CAD989E499D}.Debug|Any CPU.ActiveCfg = Debug|Any CPU
		{676519D1-6CD8-5D0B-1AE7-7CAD989E499D}.Debug|Any CPU.Build.0 = Debug|Any CPU
		{676519D1-6CD8-5D0B-1AE7-7CAD989E499D}.Release|Any CPU.ActiveCfg = Release|Any CPU
		{676519D1-6CD8-5D0B-1AE7-7CAD989E499D}.Release|Any CPU.Build.0 = Release|Any CPU
		{1273ADC5-C84F-56D8-E5A3-886E03499C8F}.Debug|Any CPU.ActiveCfg = Debug|Any CPU
		{1273ADC5-C84F-56D8-E5A3-886E03499C8F}.Debug|Any CPU.Build.0 = Debug|Any CPU
		{1273ADC5-C84F-56D8-E5A3-886E03499C8F}.Release|Any CPU.ActiveCfg = Release|Any CPU
		{1273ADC5-C84F-56D8-E5A3-886E03499C8F}.Release|Any CPU.Build.0 = Release|Any CPU
		{BD115AF3-B0C5-529E-3961-D602B0ED1DB4}.Debug|Any CPU.ActiveCfg = Debug|Any CPU
		{BD115AF3-B0C5-529E-3961-D602B0ED1DB4}.Debug|Any CPU.Build.0 = Debug|Any CPU
		{BD115AF3-B0C5-529E-3961-D602B0ED1DB4}.Release|Any CPU.ActiveCfg = Release|Any CPU
		{BD115AF3-B0C5-529E-3961-D602B0ED1DB4}.Release|Any CPU.Build.0 = Release|Any CPU
		{F987832F-3A84-EDAA-2B3D-AE0833E50E05}.Debug|Any CPU.ActiveCfg = Debug|Any CPU
		{F987832F-3A84-EDAA-2B3D-AE0833E50E05}.Debug|Any CPU.Build.0 = Debug|Any CPU
		{F987832F-3A84-EDAA-2B3D-AE0833E50E05}.Release|Any CPU.ActiveCfg = Release|Any CPU
		{F987832F-3A84-EDAA-2B3D-AE0833E50E05}.Release|Any CPU.Build.0 = Release|Any CPU
		{9F1D68BE-B2BF-517B-A45C-FEF79144DDEF}.Debug|Any CPU.ActiveCfg = Debug|Any CPU
		{9F1D68BE-B2BF-517B-A45C-FEF79144DDEF}.Debug|Any CPU.Build.0 = Debug|Any CPU
		{9F1D68BE-B2BF-517B-A45C-FEF79144DDEF}.Release|Any CPU.ActiveCfg = Release|Any CPU
		{9F1D68BE-B2BF-517B-A45C-FEF79144DDEF}.Release|Any CPU.Build.0 = Release|Any CPU
		{FE4AFF69-8CC2-962A-B812-C8C0A35A53C5}.Debug|Any CPU.ActiveCfg = Debug|Any CPU
		{FE4AFF69-8CC2-962A-B812-C8C0A35A53C5}.Debug|Any CPU.Build.0 = Debug|Any CPU
		{FE4AFF69-8CC2-962A-B812-C8C0A35A53C5}.Release|Any CPU.ActiveCfg = Release|Any CPU
		{FE4AFF69-8CC2-962A-B812-C8C0A35A53C5}.Release|Any CPU.Build.0 = Release|Any CPU
		{0D7A673D-F142-81C9-4D56-DD8134B5CA4C}.Debug|Any CPU.ActiveCfg = Debug|Any CPU
		{0D7A673D-F142-81C9-4D56-DD8134B5CA4C}.Debug|Any CPU.Build.0 = Debug|Any CPU
		{0D7A673D-F142-81C9-4D56-DD8134B5CA4C}.Release|Any CPU.ActiveCfg = Release|Any CPU
		{0D7A673D-F142-81C9-4D56-DD8134B5CA4C}.Release|Any CPU.Build.0 = Release|Any CPU
		{1FAB5F61-2A7B-A5D5-67F4-0B441A5F95D3}.Debug|Any CPU.ActiveCfg = Debug|Any CPU
		{1FAB5F61-2A7B-A5D5-67F4-0B441A5F95D3}.Debug|Any CPU.Build.0 = Debug|Any CPU
		{1FAB5F61-2A7B-A5D5-67F4-0B441A5F95D3}.Release|Any CPU.ActiveCfg = Release|Any CPU
		{1FAB5F61-2A7B-A5D5-67F4-0B441A5F95D3}.Release|Any CPU.Build.0 = Release|Any CPU
		{0881E9ED-0175-7F79-EC88-2F3CE4B379DC}.Debug|Any CPU.ActiveCfg = Debug|Any CPU
		{0881E9ED-0175-7F79-EC88-2F3CE4B379DC}.Debug|Any CPU.Build.0 = Debug|Any CPU
		{0881E9ED-0175-7F79-EC88-2F3CE4B379DC}.Release|Any CPU.ActiveCfg = Release|Any CPU
		{0881E9ED-0175-7F79-EC88-2F3CE4B379DC}.Release|Any CPU.Build.0 = Release|Any CPU
		{ADD3C018-5478-88C6-1548-D979E45D2BAB}.Debug|Any CPU.ActiveCfg = Debug|Any CPU
		{ADD3C018-5478-88C6-1548-D979E45D2BAB}.Debug|Any CPU.Build.0 = Debug|Any CPU
		{ADD3C018-5478-88C6-1548-D979E45D2BAB}.Release|Any CPU.ActiveCfg = Release|Any CPU
		{ADD3C018-5478-88C6-1548-D979E45D2BAB}.Release|Any CPU.Build.0 = Release|Any CPU
		{592DB279-1B3B-9DB9-4568-B17B8A2CC8B5}.Debug|Any CPU.ActiveCfg = Debug|Any CPU
		{592DB279-1B3B-9DB9-4568-B17B8A2CC8B5}.Debug|Any CPU.Build.0 = Debug|Any CPU
		{592DB279-1B3B-9DB9-4568-B17B8A2CC8B5}.Release|Any CPU.ActiveCfg = Release|Any CPU
		{592DB279-1B3B-9DB9-4568-B17B8A2CC8B5}.Release|Any CPU.Build.0 = Release|Any CPU
		{B32B930B-5ACC-3C4E-91F4-BEC6E6C591F1}.Debug|Any CPU.ActiveCfg = Debug|Any CPU
		{B32B930B-5ACC-3C4E-91F4-BEC6E6C591F1}.Debug|Any CPU.Build.0 = Debug|Any CPU
		{B32B930B-5ACC-3C4E-91F4-BEC6E6C591F1}.Release|Any CPU.ActiveCfg = Release|Any CPU
		{B32B930B-5ACC-3C4E-91F4-BEC6E6C591F1}.Release|Any CPU.Build.0 = Release|Any CPU
		{A7807627-1E9D-4C53-1D5A-5ECB1BC28DDA}.Debug|Any CPU.ActiveCfg = Debug|Any CPU
		{A7807627-1E9D-4C53-1D5A-5ECB1BC28DDA}.Debug|Any CPU.Build.0 = Debug|Any CPU
		{A7807627-1E9D-4C53-1D5A-5ECB1BC28DDA}.Release|Any CPU.ActiveCfg = Release|Any CPU
		{A7807627-1E9D-4C53-1D5A-5ECB1BC28DDA}.Release|Any CPU.Build.0 = Release|Any CPU
		{4E0D2208-92B7-6444-5924-8B996BB37624}.Debug|Any CPU.ActiveCfg = Debug|Any CPU
		{4E0D2208-92B7-6444-5924-8B996BB37624}.Debug|Any CPU.Build.0 = Debug|Any CPU
		{4E0D2208-92B7-6444-5924-8B996BB37624}.Release|Any CPU.ActiveCfg = Release|Any CPU
		{4E0D2208-92B7-6444-5924-8B996BB37624}.Release|Any CPU.Build.0 = Release|Any CPU
		{41A416DA-05CF-BAA4-98F1-014BE7EF07AE}.Debug|Any CPU.ActiveCfg = Debug|Any CPU
		{41A416DA-05CF-BAA4-98F1-014BE7EF07AE}.Debug|Any CPU.Build.0 = Debug|Any CPU
		{41A416DA-05CF-BAA4-98F1-014BE7EF07AE}.Release|Any CPU.ActiveCfg = Release|Any CPU
		{41A416DA-05CF-BAA4-98F1-014BE7EF07AE}.Release|Any CPU.Build.0 = Release|Any CPU
		{69DBD8B3-5A76-1DE2-5977-1FA194B98D8A}.Debug|Any CPU.ActiveCfg = Debug|Any CPU
		{69DBD8B3-5A76-1DE2-5977-1FA194B98D8A}.Debug|Any CPU.Build.0 = Debug|Any CPU
		{69DBD8B3-5A76-1DE2-5977-1FA194B98D8A}.Release|Any CPU.ActiveCfg = Release|Any CPU
		{69DBD8B3-5A76-1DE2-5977-1FA194B98D8A}.Release|Any CPU.Build.0 = Release|Any CPU
		{FCB1684A-BAAE-B31A-8D70-3DB9735D426E}.Debug|Any CPU.ActiveCfg = Debug|Any CPU
		{FCB1684A-BAAE-B31A-8D70-3DB9735D426E}.Debug|Any CPU.Build.0 = Debug|Any CPU
		{FCB1684A-BAAE-B31A-8D70-3DB9735D426E}.Release|Any CPU.ActiveCfg = Release|Any CPU
		{FCB1684A-BAAE-B31A-8D70-3DB9735D426E}.Release|Any CPU.Build.0 = Release|Any CPU
		{48E1C7EE-20E2-344E-4BD3-532564FA1F80}.Debug|Any CPU.ActiveCfg = Debug|Any CPU
		{48E1C7EE-20E2-344E-4BD3-532564FA1F80}.Debug|Any CPU.Build.0 = Debug|Any CPU
		{48E1C7EE-20E2-344E-4BD3-532564FA1F80}.Release|Any CPU.ActiveCfg = Release|Any CPU
		{48E1C7EE-20E2-344E-4BD3-532564FA1F80}.Release|Any CPU.Build.0 = Release|Any CPU
		{08ECB7C6-3918-F79C-3E20-BAD2FF6B2D61}.Debug|Any CPU.ActiveCfg = Debug|Any CPU
		{08ECB7C6-3918-F79C-3E20-BAD2FF6B2D61}.Debug|Any CPU.Build.0 = Debug|Any CPU
		{08ECB7C6-3918-F79C-3E20-BAD2FF6B2D61}.Release|Any CPU.ActiveCfg = Release|Any CPU
		{08ECB7C6-3918-F79C-3E20-BAD2FF6B2D61}.Release|Any CPU.Build.0 = Release|Any CPU
		{458C1562-E6B5-A8B8-16A1-19CECB5E5431}.Debug|Any CPU.ActiveCfg = Debug|Any CPU
		{458C1562-E6B5-A8B8-16A1-19CECB5E5431}.Debug|Any CPU.Build.0 = Debug|Any CPU
		{458C1562-E6B5-A8B8-16A1-19CECB5E5431}.Release|Any CPU.ActiveCfg = Release|Any CPU
		{458C1562-E6B5-A8B8-16A1-19CECB5E5431}.Release|Any CPU.Build.0 = Release|Any CPU
		{82FE8A3C-7390-61C5-CC00-903B7B7DFD03}.Debug|Any CPU.ActiveCfg = Debug|Any CPU
		{82FE8A3C-7390-61C5-CC00-903B7B7DFD03}.Debug|Any CPU.Build.0 = Debug|Any CPU
		{82FE8A3C-7390-61C5-CC00-903B7B7DFD03}.Release|Any CPU.ActiveCfg = Release|Any CPU
		{82FE8A3C-7390-61C5-CC00-903B7B7DFD03}.Release|Any CPU.Build.0 = Release|Any CPU
		{E66811A5-4E8C-D000-3EBC-80F8AADB0934}.Debug|Any CPU.ActiveCfg = Debug|Any CPU
		{E66811A5-4E8C-D000-3EBC-80F8AADB0934}.Debug|Any CPU.Build.0 = Debug|Any CPU
		{E66811A5-4E8C-D000-3EBC-80F8AADB0934}.Release|Any CPU.ActiveCfg = Release|Any CPU
		{E66811A5-4E8C-D000-3EBC-80F8AADB0934}.Release|Any CPU.Build.0 = Release|Any CPU
		{BC325C1F-A1F0-52C0-6B39-8F9E08F82905}.Debug|Any CPU.ActiveCfg = Debug|Any CPU
		{BC325C1F-A1F0-52C0-6B39-8F9E08F82905}.Debug|Any CPU.Build.0 = Debug|Any CPU
		{BC325C1F-A1F0-52C0-6B39-8F9E08F82905}.Release|Any CPU.ActiveCfg = Release|Any CPU
		{BC325C1F-A1F0-52C0-6B39-8F9E08F82905}.Release|Any CPU.Build.0 = Release|Any CPU
		{7266FFEA-1B6E-991F-CD51-C22FA2ECEA2F}.Debug|Any CPU.ActiveCfg = Debug|Any CPU
		{7266FFEA-1B6E-991F-CD51-C22FA2ECEA2F}.Debug|Any CPU.Build.0 = Debug|Any CPU
		{7266FFEA-1B6E-991F-CD51-C22FA2ECEA2F}.Release|Any CPU.ActiveCfg = Release|Any CPU
		{7266FFEA-1B6E-991F-CD51-C22FA2ECEA2F}.Release|Any CPU.Build.0 = Release|Any CPU
		{23E34377-0556-F16A-9501-31840206E778}.Debug|Any CPU.ActiveCfg = Debug|Any CPU
		{23E34377-0556-F16A-9501-31840206E778}.Debug|Any CPU.Build.0 = Debug|Any CPU
		{23E34377-0556-F16A-9501-31840206E778}.Release|Any CPU.ActiveCfg = Release|Any CPU
		{23E34377-0556-F16A-9501-31840206E778}.Release|Any CPU.Build.0 = Release|Any CPU
		{785AA361-AC49-4FD4-2755-82AF5209C206}.Debug|Any CPU.ActiveCfg = Debug|Any CPU
		{785AA361-AC49-4FD4-2755-82AF5209C206}.Debug|Any CPU.Build.0 = Debug|Any CPU
		{785AA361-AC49-4FD4-2755-82AF5209C206}.Release|Any CPU.ActiveCfg = Release|Any CPU
		{785AA361-AC49-4FD4-2755-82AF5209C206}.Release|Any CPU.Build.0 = Release|Any CPU
		{5AE15A52-995B-2446-584C-A225FC186024}.Debug|Any CPU.ActiveCfg = Debug|Any CPU
		{5AE15A52-995B-2446-584C-A225FC186024}.Debug|Any CPU.Build.0 = Debug|Any CPU
		{5AE15A52-995B-2446-584C-A225FC186024}.Release|Any CPU.ActiveCfg = Release|Any CPU
		{5AE15A52-995B-2446-584C-A225FC186024}.Release|Any CPU.Build.0 = Release|Any CPU
		{AAE369E7-AEF6-9206-0AAA-83966E488F01}.Debug|Any CPU.ActiveCfg = Debug|Any CPU
		{AAE369E7-AEF6-9206-0AAA-83966E488F01}.Debug|Any CPU.Build.0 = Debug|Any CPU
		{AAE369E7-AEF6-9206-0AAA-83966E488F01}.Release|Any CPU.ActiveCfg = Release|Any CPU
		{AAE369E7-AEF6-9206-0AAA-83966E488F01}.Release|Any CPU.Build.0 = Release|Any CPU
		{5B55EEFD-D01F-3958-6B3C-28D3E72F0C91}.Debug|Any CPU.ActiveCfg = Debug|Any CPU
		{5B55EEFD-D01F-3958-6B3C-28D3E72F0C91}.Debug|Any CPU.Build.0 = Debug|Any CPU
		{5B55EEFD-D01F-3958-6B3C-28D3E72F0C91}.Release|Any CPU.ActiveCfg = Release|Any CPU
		{5B55EEFD-D01F-3958-6B3C-28D3E72F0C91}.Release|Any CPU.Build.0 = Release|Any CPU
		{30064E2D-2A90-9BB5-4144-E6FB5C663C4E}.Debug|Any CPU.ActiveCfg = Debug|Any CPU
		{30064E2D-2A90-9BB5-4144-E6FB5C663C4E}.Debug|Any CPU.Build.0 = Debug|Any CPU
		{30064E2D-2A90-9BB5-4144-E6FB5C663C4E}.Release|Any CPU.ActiveCfg = Release|Any CPU
		{30064E2D-2A90-9BB5-4144-E6FB5C663C4E}.Release|Any CPU.Build.0 = Release|Any CPU
		{BD7F7EB3-F83E-F43E-0ED3-3ADA207908E8}.Debug|Any CPU.ActiveCfg = Debug|Any CPU
		{BD7F7EB3-F83E-F43E-0ED3-3ADA207908E8}.Debug|Any CPU.Build.0 = Debug|Any CPU
		{BD7F7EB3-F83E-F43E-0ED3-3ADA207908E8}.Release|Any CPU.ActiveCfg = Release|Any CPU
		{BD7F7EB3-F83E-F43E-0ED3-3ADA207908E8}.Release|Any CPU.Build.0 = Release|Any CPU
		{E558D8A4-B7F1-3440-BEFB-6B02751CF57B}.Debug|Any CPU.ActiveCfg = Debug|Any CPU
		{E558D8A4-B7F1-3440-BEFB-6B02751CF57B}.Debug|Any CPU.Build.0 = Debug|Any CPU
		{E558D8A4-B7F1-3440-BEFB-6B02751CF57B}.Release|Any CPU.ActiveCfg = Release|Any CPU
		{E558D8A4-B7F1-3440-BEFB-6B02751CF57B}.Release|Any CPU.Build.0 = Release|Any CPU
		{F1DA1A83-97BC-0640-5573-10AE2938E1F5}.Debug|Any CPU.ActiveCfg = Debug|Any CPU
		{F1DA1A83-97BC-0640-5573-10AE2938E1F5}.Debug|Any CPU.Build.0 = Debug|Any CPU
		{F1DA1A83-97BC-0640-5573-10AE2938E1F5}.Release|Any CPU.ActiveCfg = Release|Any CPU
		{F1DA1A83-97BC-0640-5573-10AE2938E1F5}.Release|Any CPU.Build.0 = Release|Any CPU
		{9536EE85-2EFF-B14B-5894-ACC1B47D027E}.Debug|Any CPU.ActiveCfg = Debug|Any CPU
		{9536EE85-2EFF-B14B-5894-ACC1B47D027E}.Debug|Any CPU.Build.0 = Debug|Any CPU
		{9536EE85-2EFF-B14B-5894-ACC1B47D027E}.Release|Any CPU.ActiveCfg = Release|Any CPU
		{9536EE85-2EFF-B14B-5894-ACC1B47D027E}.Release|Any CPU.Build.0 = Release|Any CPU
		{990A6B06-8FF8-AB73-8715-3E3B575CF684}.Debug|Any CPU.ActiveCfg = Debug|Any CPU
		{990A6B06-8FF8-AB73-8715-3E3B575CF684}.Debug|Any CPU.Build.0 = Debug|Any CPU
		{990A6B06-8FF8-AB73-8715-3E3B575CF684}.Release|Any CPU.ActiveCfg = Release|Any CPU
		{990A6B06-8FF8-AB73-8715-3E3B575CF684}.Release|Any CPU.Build.0 = Release|Any CPU
	EndGlobalSection
	GlobalSection(SolutionProperties) = preSolution
		HideSolutionNode = FALSE
	EndGlobalSection
EndGlobal
