
Microsoft Visual Studio Solution File, Format Version 12.00
# Visual Studio 15
Project("{FAE04EC0-301F-11D3-BF4B-00C04F79EFBC}") = "UnityEngine.UI", "UnityEngine.UI.csproj", "{D1080B2A-DC70-3C5D-650F-B796C91A9BC4}"
EndProject
Project("{FAE04EC0-301F-11D3-BF4B-00C04F79EFBC}") = "UnityEngine.TestRunner", "UnityEngine.TestRunner.csproj", "{980CAE0A-9FEA-0620-545B-93A796A2DD58}"
EndProject
Project("{FAE04EC0-301F-11D3-BF4B-00C04F79EFBC}") = "Unity.Mathematics", "Unity.Mathematics.csproj", "{B179A74E-D8E4-2A66-96EE-514A7A3FBDC3}"
EndProject
Project("{FAE04EC0-301F-11D3-BF4B-00C04F79EFBC}") = "Unity.2D.Animation.Triangle.Runtime", "Unity.2D.Animation.Triangle.Runtime.csproj", "{30CE42D6-7761-614B-3767-382CF306667A}"
EndProject
Project("{FAE04EC0-301F-11D3-BF4B-00C04F79EFBC}") = "Unity.Timeline", "Unity.Timeline.csproj", "{B9B6351B-70F8-BC50-7EFC-B5975A152127}"
EndProject
Project("{FAE04EC0-301F-11D3-BF4B-00C04F79EFBC}") = "Cinemachine", "Cinemachine.csproj", "{C76A3FAE-2E52-3DBD-F14E-89C1053CF428}"
EndProject
Project("{FAE04EC0-301F-11D3-BF4B-00C04F79EFBC}") = "Unity.TextMeshPro", "Unity.TextMeshPro.csproj", "{CC3481D0-86EB-EF9E-6C24-B009BA509969}"
EndProject
Project("{FAE04EC0-301F-11D3-BF4B-00C04F79EFBC}") = "Unity.2D.Animation.Runtime", "Unity.2D.Animation.Runtime.csproj", "{88FE3670-E0DD-F3B0-F792-44544D5F3DB4}"
EndProject
Project("{FAE04EC0-301F-11D3-BF4B-00C04F79EFBC}") = "Unity.2D.IK.Runtime", "Unity.2D.IK.Runtime.csproj", "{A0B42C7A-B2E8-69DA-02A8-8A371999F6FD}"
EndProject
Project("{FAE04EC0-301F-11D3-BF4B-00C04F79EFBC}") = "Assembly-CSharp", "Assembly-CSharp.csproj", "{3AF9426F-AA99-BBCF-0C5D-E9D7FE2F9160}"
EndProject
Project("{FAE04EC0-301F-11D3-BF4B-00C04F79EFBC}") = "Unity.2D.SpriteShape.Runtime", "Unity.2D.SpriteShape.Runtime.csproj", "{F9547CEC-0BE6-69C1-C0F3-DFC985302ED7}"
EndProject
Project("{FAE04EC0-301F-11D3-BF4B-00C04F79EFBC}") = "Unity.2D.PixelPerfect", "Unity.2D.PixelPerfect.csproj", "{E0878680-DD7B-44F2-B7F1-D0A22FBAC101}"
EndProject
Project("{FAE04EC0-301F-11D3-BF4B-00C04F79EFBC}") = "Unity.2D.Common.Runtime", "Unity.2D.Common.Runtime.csproj", "{3E5DC41F-54E5-9E63-8C65-3328D591E9C5}"
EndProject
Project("{FAE04EC0-301F-11D3-BF4B-00C04F79EFBC}") = "Unity.InternalAPIEngineBridge.001", "Unity.InternalAPIEngineBridge.001.csproj", "{82E141A4-5358-5C83-C457-AA8F5BBBAE3E}"
EndProject
Project("{FAE04EC0-301F-11D3-BF4B-00C04F79EFBC}") = "UnityEditor.TestRunner", "UnityEditor.TestRunner.csproj", "{604ED3CC-9AC1-E318-9875-03C88A4C4684}"
EndProject
Project("{FAE04EC0-301F-11D3-BF4B-00C04F79EFBC}") = "UnityEditor.UI", "UnityEditor.UI.csproj", "{89A0C61A-CB7A-EC5F-C670-0394F1C0B8E7}"
EndProject
Project("{FAE04EC0-301F-11D3-BF4B-00C04F79EFBC}") = "Unity.Timeline.Editor", "Unity.Timeline.Editor.csproj", "{C932B73F-4CA2-60FD-1AB0-63A87D094340}"
EndProject
Project("{FAE04EC0-301F-11D3-BF4B-00C04F79EFBC}") = "Unity.VisualStudio.Editor", "Unity.VisualStudio.Editor.csproj", "{D2F41ECB-7315-1C4B-B881-F9D145971C42}"
EndProject
Project("{FAE04EC0-301F-11D3-BF4B-00C04F79EFBC}") = "com.unity.cinemachine.editor", "com.unity.cinemachine.editor.csproj", "{A9E5F476-0344-4EBE-AA9C-0EDF3A1C76BC}"
EndProject
Project("{FAE04EC0-301F-11D3-BF4B-00C04F79EFBC}") = "Unity.2D.Psdimporter.Editor", "Unity.2D.Psdimporter.Editor.csproj", "{099C2F67-2938-04B6-F565-1E73F1563B64}"
EndProject
Project("{FAE04EC0-301F-11D3-BF4B-00C04F79EFBC}") = "Unity.2D.Animation.Editor", "Unity.2D.Animation.Editor.csproj", "{7A4BFC05-5ACB-49C0-0C49-D08856037EE3}"
EndProject
Project("{FAE04EC0-301F-11D3-BF4B-00C04F79EFBC}") = "Unity.TextMeshPro.Editor", "Unity.TextMeshPro.Editor.csproj", "{18A61895-8D45-631D-1BB0-65DF576E23A1}"
EndProject
Project("{FAE04EC0-301F-11D3-BF4B-00C04F79EFBC}") = "Unity.2D.SpriteShape.Editor", "Unity.2D.SpriteShape.Editor.csproj", "{A7C73410-B978-59B2-8547-5101B984C856}"
EndProject
Project("{FAE04EC0-301F-11D3-BF4B-00C04F79EFBC}") = "PsdPlugin", "PsdPlugin.csproj", "{B8CA104B-F077-F276-8605-356963762CBB}"
EndProject
Project("{FAE04EC0-301F-11D3-BF4B-00C04F79EFBC}") = "Unity.2D.Path.Editor", "Unity.2D.Path.Editor.csproj", "{5D68A33B-221E-F46B-480B-DAA911D7F3C3}"
EndProject
Project("{FAE04EC0-301F-11D3-BF4B-00C04F79EFBC}") = "Unity.Rider.Editor", "Unity.Rider.Editor.csproj", "{F5291D83-CD68-1975-B290-CF7F7E7E9680}"
EndProject
Project("{FAE04EC0-301F-11D3-BF4B-00C04F79EFBC}") = "Unity.2D.IK.Editor", "Unity.2D.IK.Editor.csproj", "{58B0C92B-09FE-3905-F499-EFD22EC1B155}"
EndProject
Project("{FAE04EC0-301F-11D3-BF4B-00C04F79EFBC}") = "Unity.2D.Sprite.Editor", "Unity.2D.Sprite.Editor.csproj", "{ABE988FE-31B5-DE59-8A78-E3DABBD6AECB}"
EndProject
Project("{FAE04EC0-301F-11D3-BF4B-00C04F79EFBC}") = "Unity.2D.Tilemap.Editor", "Unity.2D.Tilemap.Editor.csproj", "{5F12B090-2ED9-3807-D85A-CAF533AAFA22}"
EndProject
Project("{FAE04EC0-301F-11D3-BF4B-00C04F79EFBC}") = "Unity.2D.PixelPerfect.Editor", "Unity.2D.PixelPerfect.Editor.csproj", "{218AF348-B9B0-DFE1-2153-2D94A5F61CE5}"
EndProject
Project("{FAE04EC0-301F-11D3-BF4B-00C04F79EFBC}") = "Unity.VSCode.Editor", "Unity.VSCode.Editor.csproj", "{D6D99322-9FB5-1BF9-A0CF-D0A130466052}"
EndProject
Project("{FAE04EC0-301F-11D3-BF4B-00C04F79EFBC}") = "Unity.2D.Common.Editor", "Unity.2D.Common.Editor.csproj", "{F3541684-5006-2AC2-7973-6BC0E57C1194}"
EndProject
Project("{FAE04EC0-301F-11D3-BF4B-00C04F79EFBC}") = "Unity.Mathematics.Editor", "Unity.Mathematics.Editor.csproj", "{2DF3016B-13B9-832C-6160-FB3EE6DD5E48}"
EndProject
Project("{FAE04EC0-301F-11D3-BF4B-00C04F79EFBC}") = "Unity.InternalAPIEditorBridge.001", "Unity.InternalAPIEditorBridge.001.csproj", "{1ED4F512-CFA2-CD30-D281-FB7724BDBE3B}"
EndProject
Project("{FAE04EC0-301F-11D3-BF4B-00C04F79EFBC}") = "UnityEngine.UI", "UnityEngine.UI.Player.csproj", "{CD76B2E9-06CD-DD10-DCB1-63C6F061D0E2}"
EndProject
Project("{FAE04EC0-301F-11D3-BF4B-00C04F79EFBC}") = "UnityEngine.TestRunner", "UnityEngine.TestRunner.Player.csproj", "{8FBC17AD-2CF8-2396-022E-C2E73833E57C}"
EndProject
Project("{FAE04EC0-301F-11D3-BF4B-00C04F79EFBC}") = "Unity.Mathematics", "Unity.Mathematics.Player.csproj", "{4B3D4D24-C18B-8CA1-4C77-D399EEC81B29}"
EndProject
Project("{FAE04EC0-301F-11D3-BF4B-00C04F79EFBC}") = "Unity.2D.Animation.Triangle.Runtime", "Unity.2D.Animation.Triangle.Runtime.Player.csproj", "{4921ABF9-7C7E-8BC1-0995-9E324861255C}"
EndProject
Project("{FAE04EC0-301F-11D3-BF4B-00C04F79EFBC}") = "Unity.Timeline", "Unity.Timeline.Player.csproj", "{B83B2497-872E-0DBE-CFD9-808C7B11C50D}"
EndProject
Project("{FAE04EC0-301F-11D3-BF4B-00C04F79EFBC}") = "Cinemachine", "Cinemachine.Player.csproj", "{5B97CE8C-FE63-0292-9468-7A84A1F088B6}"
EndProject
Project("{FAE04EC0-301F-11D3-BF4B-00C04F79EFBC}") = "Unity.TextMeshPro", "Unity.TextMeshPro.Player.csproj", "{5E32789A-BD5D-7F40-7370-EC7A86313F4D}"
EndProject
Project("{FAE04EC0-301F-11D3-BF4B-00C04F79EFBC}") = "Unity.2D.Animation.Runtime", "Unity.2D.Animation.Runtime.Player.csproj", "{C4B327D1-A9F4-1EDA-81A7-2AD4D8EABA66}"
EndProject
Project("{FAE04EC0-301F-11D3-BF4B-00C04F79EFBC}") = "Unity.2D.IK.Runtime", "Unity.2D.IK.Runtime.Player.csproj", "{24CCC99B-AFAF-ECFB-FDFA-A17DAAD1F0BB}"
EndProject
Project("{FAE04EC0-301F-11D3-BF4B-00C04F79EFBC}") = "Assembly-CSharp", "Assembly-CSharp.Player.csproj", "{896C4CDC-868D-AE41-300E-7FCA16DF08E9}"
EndProject
Project("{FAE04EC0-301F-11D3-BF4B-00C04F79EFBC}") = "Unity.2D.SpriteShape.Runtime", "Unity.2D.SpriteShape.Runtime.Player.csproj", "{551E923E-6BE3-FE91-F745-591DBFA3D442}"
EndProject
Project("{FAE04EC0-301F-11D3-BF4B-00C04F79EFBC}") = "Unity.2D.PixelPerfect", "Unity.2D.PixelPerfect.Player.csproj", "{E7E66B6D-F2B2-A337-5F7C-3D5C5001E8B4}"
EndProject
Project("{FAE04EC0-301F-11D3-BF4B-00C04F79EFBC}") = "Unity.2D.Common.Runtime", "Unity.2D.Common.Runtime.Player.csproj", "{569E7635-4FE2-E6DC-8AC1-1567FDE96E62}"
EndProject
Project("{FAE04EC0-301F-11D3-BF4B-00C04F79EFBC}") = "Unity.InternalAPIEngineBridge.001", "Unity.InternalAPIEngineBridge.001.Player.csproj", "{024A4D7D-9938-AF74-4426-3ACD2665A6CE}"
EndProject
Global
	GlobalSection(SolutionConfigurationPlatforms) = preSolution
		Debug|Any CPU = Debug|Any CPU
		Release|Any CPU = Release|Any CPU
	EndGlobalSection
	GlobalSection(ProjectConfigurationPlatforms) = postSolution
		{D1080B2A-DC70-3C5D-650F-B796C91A9BC4}.Debug|Any CPU.ActiveCfg = Debug|Any CPU
		{D1080B2A-DC70-3C5D-650F-B796C91A9BC4}.Debug|Any CPU.Build.0 = Debug|Any CPU
		{D1080B2A-DC70-3C5D-650F-B796C91A9BC4}.Release|Any CPU.ActiveCfg = Release|Any CPU
		{D1080B2A-DC70-3C5D-650F-B796C91A9BC4}.Release|Any CPU.Build.0 = Release|Any CPU
		{980CAE0A-9FEA-0620-545B-93A796A2DD58}.Debug|Any CPU.ActiveCfg = Debug|Any CPU
		{980CAE0A-9FEA-0620-545B-93A796A2DD58}.Debug|Any CPU.Build.0 = Debug|Any CPU
		{980CAE0A-9FEA-0620-545B-93A796A2DD58}.Release|Any CPU.ActiveCfg = Release|Any CPU
		{980CAE0A-9FEA-0620-545B-93A796A2DD58}.Release|Any CPU.Build.0 = Release|Any CPU
		{B179A74E-D8E4-2A66-96EE-514A7A3FBDC3}.Debug|Any CPU.ActiveCfg = Debug|Any CPU
		{B179A74E-D8E4-2A66-96EE-514A7A3FBDC3}.Debug|Any CPU.Build.0 = Debug|Any CPU
		{B179A74E-D8E4-2A66-96EE-514A7A3FBDC3}.Release|Any CPU.ActiveCfg = Release|Any CPU
		{B179A74E-D8E4-2A66-96EE-514A7A3FBDC3}.Release|Any CPU.Build.0 = Release|Any CPU
		{30CE42D6-7761-614B-3767-382CF306667A}.Debug|Any CPU.ActiveCfg = Debug|Any CPU
		{30CE42D6-7761-614B-3767-382CF306667A}.Debug|Any CPU.Build.0 = Debug|Any CPU
		{30CE42D6-7761-614B-3767-382CF306667A}.Release|Any CPU.ActiveCfg = Release|Any CPU
		{30CE42D6-7761-614B-3767-382CF306667A}.Release|Any CPU.Build.0 = Release|Any CPU
		{B9B6351B-70F8-BC50-7EFC-B5975A152127}.Debug|Any CPU.ActiveCfg = Debug|Any CPU
		{B9B6351B-70F8-BC50-7EFC-B5975A152127}.Debug|Any CPU.Build.0 = Debug|Any CPU
		{B9B6351B-70F8-BC50-7EFC-B5975A152127}.Release|Any CPU.ActiveCfg = Release|Any CPU
		{B9B6351B-70F8-BC50-7EFC-B5975A152127}.Release|Any CPU.Build.0 = Release|Any CPU
		{C76A3FAE-2E52-3DBD-F14E-89C1053CF428}.Debug|Any CPU.ActiveCfg = Debug|Any CPU
		{C76A3FAE-2E52-3DBD-F14E-89C1053CF428}.Debug|Any CPU.Build.0 = Debug|Any CPU
		{C76A3FAE-2E52-3DBD-F14E-89C1053CF428}.Release|Any CPU.ActiveCfg = Release|Any CPU
		{C76A3FAE-2E52-3DBD-F14E-89C1053CF428}.Release|Any CPU.Build.0 = Release|Any CPU
		{CC3481D0-86EB-EF9E-6C24-B009BA509969}.Debug|Any CPU.ActiveCfg = Debug|Any CPU
		{CC3481D0-86EB-EF9E-6C24-B009BA509969}.Debug|Any CPU.Build.0 = Debug|Any CPU
		{CC3481D0-86EB-EF9E-6C24-B009BA509969}.Release|Any CPU.ActiveCfg = Release|Any CPU
		{CC3481D0-86EB-EF9E-6C24-B009BA509969}.Release|Any CPU.Build.0 = Release|Any CPU
		{88FE3670-E0DD-F3B0-F792-44544D5F3DB4}.Debug|Any CPU.ActiveCfg = Debug|Any CPU
		{88FE3670-E0DD-F3B0-F792-44544D5F3DB4}.Debug|Any CPU.Build.0 = Debug|Any CPU
		{88FE3670-E0DD-F3B0-F792-44544D5F3DB4}.Release|Any CPU.ActiveCfg = Release|Any CPU
		{88FE3670-E0DD-F3B0-F792-44544D5F3DB4}.Release|Any CPU.Build.0 = Release|Any CPU
		{A0B42C7A-B2E8-69DA-02A8-8A371999F6FD}.Debug|Any CPU.ActiveCfg = Debug|Any CPU
		{A0B42C7A-B2E8-69DA-02A8-8A371999F6FD}.Debug|Any CPU.Build.0 = Debug|Any CPU
		{A0B42C7A-B2E8-69DA-02A8-8A371999F6FD}.Release|Any CPU.ActiveCfg = Release|Any CPU
		{A0B42C7A-B2E8-69DA-02A8-8A371999F6FD}.Release|Any CPU.Build.0 = Release|Any CPU
		{3AF9426F-AA99-BBCF-0C5D-E9D7FE2F9160}.Debug|Any CPU.ActiveCfg = Debug|Any CPU
		{3AF9426F-AA99-BBCF-0C5D-E9D7FE2F9160}.Debug|Any CPU.Build.0 = Debug|Any CPU
		{3AF9426F-AA99-BBCF-0C5D-E9D7FE2F9160}.Release|Any CPU.ActiveCfg = Release|Any CPU
		{3AF9426F-AA99-BBCF-0C5D-E9D7FE2F9160}.Release|Any CPU.Build.0 = Release|Any CPU
		{F9547CEC-0BE6-69C1-C0F3-DFC985302ED7}.Debug|Any CPU.ActiveCfg = Debug|Any CPU
		{F9547CEC-0BE6-69C1-C0F3-DFC985302ED7}.Debug|Any CPU.Build.0 = Debug|Any CPU
		{F9547CEC-0BE6-69C1-C0F3-DFC985302ED7}.Release|Any CPU.ActiveCfg = Release|Any CPU
		{F9547CEC-0BE6-69C1-C0F3-DFC985302ED7}.Release|Any CPU.Build.0 = Release|Any CPU
		{E0878680-DD7B-44F2-B7F1-D0A22FBAC101}.Debug|Any CPU.ActiveCfg = Debug|Any CPU
		{E0878680-DD7B-44F2-B7F1-D0A22FBAC101}.Debug|Any CPU.Build.0 = Debug|Any CPU
		{E0878680-DD7B-44F2-B7F1-D0A22FBAC101}.Release|Any CPU.ActiveCfg = Release|Any CPU
		{E0878680-DD7B-44F2-B7F1-D0A22FBAC101}.Release|Any CPU.Build.0 = Release|Any CPU
		{3E5DC41F-54E5-9E63-8C65-3328D591E9C5}.Debug|Any CPU.ActiveCfg = Debug|Any CPU
		{3E5DC41F-54E5-9E63-8C65-3328D591E9C5}.Debug|Any CPU.Build.0 = Debug|Any CPU
		{3E5DC41F-54E5-9E63-8C65-3328D591E9C5}.Release|Any CPU.ActiveCfg = Release|Any CPU
		{3E5DC41F-54E5-9E63-8C65-3328D591E9C5}.Release|Any CPU.Build.0 = Release|Any CPU
		{82E141A4-5358-5C83-C457-AA8F5BBBAE3E}.Debug|Any CPU.ActiveCfg = Debug|Any CPU
		{82E141A4-5358-5C83-C457-AA8F5BBBAE3E}.Debug|Any CPU.Build.0 = Debug|Any CPU
		{82E141A4-5358-5C83-C457-AA8F5BBBAE3E}.Release|Any CPU.ActiveCfg = Release|Any CPU
		{82E141A4-5358-5C83-C457-AA8F5BBBAE3E}.Release|Any CPU.Build.0 = Release|Any CPU
		{604ED3CC-9AC1-E318-9875-03C88A4C4684}.Debug|Any CPU.ActiveCfg = Debug|Any CPU
		{604ED3CC-9AC1-E318-9875-03C88A4C4684}.Debug|Any CPU.Build.0 = Debug|Any CPU
		{604ED3CC-9AC1-E318-9875-03C88A4C4684}.Release|Any CPU.ActiveCfg = Release|Any CPU
		{604ED3CC-9AC1-E318-9875-03C88A4C4684}.Release|Any CPU.Build.0 = Release|Any CPU
		{89A0C61A-CB7A-EC5F-C670-0394F1C0B8E7}.Debug|Any CPU.ActiveCfg = Debug|Any CPU
		{89A0C61A-CB7A-EC5F-C670-0394F1C0B8E7}.Debug|Any CPU.Build.0 = Debug|Any CPU
		{89A0C61A-CB7A-EC5F-C670-0394F1C0B8E7}.Release|Any CPU.ActiveCfg = Release|Any CPU
		{89A0C61A-CB7A-EC5F-C670-0394F1C0B8E7}.Release|Any CPU.Build.0 = Release|Any CPU
		{C932B73F-4CA2-60FD-1AB0-63A87D094340}.Debug|Any CPU.ActiveCfg = Debug|Any CPU
		{C932B73F-4CA2-60FD-1AB0-63A87D094340}.Debug|Any CPU.Build.0 = Debug|Any CPU
		{C932B73F-4CA2-60FD-1AB0-63A87D094340}.Release|Any CPU.ActiveCfg = Release|Any CPU
		{C932B73F-4CA2-60FD-1AB0-63A87D094340}.Release|Any CPU.Build.0 = Release|Any CPU
		{D2F41ECB-7315-1C4B-B881-F9D145971C42}.Debug|Any CPU.ActiveCfg = Debug|Any CPU
		{D2F41ECB-7315-1C4B-B881-F9D145971C42}.Debug|Any CPU.Build.0 = Debug|Any CPU
		{D2F41ECB-7315-1C4B-B881-F9D145971C42}.Release|Any CPU.ActiveCfg = Release|Any CPU
		{D2F41ECB-7315-1C4B-B881-F9D145971C42}.Release|Any CPU.Build.0 = Release|Any CPU
		{A9E5F476-0344-4EBE-AA9C-0EDF3A1C76BC}.Debug|Any CPU.ActiveCfg = Debug|Any CPU
		{A9E5F476-0344-4EBE-AA9C-0EDF3A1C76BC}.Debug|Any CPU.Build.0 = Debug|Any CPU
		{A9E5F476-0344-4EBE-AA9C-0EDF3A1C76BC}.Release|Any CPU.ActiveCfg = Release|Any CPU
		{A9E5F476-0344-4EBE-AA9C-0EDF3A1C76BC}.Release|Any CPU.Build.0 = Release|Any CPU
		{099C2F67-2938-04B6-F565-1E73F1563B64}.Debug|Any CPU.ActiveCfg = Debug|Any CPU
		{099C2F67-2938-04B6-F565-1E73F1563B64}.Debug|Any CPU.Build.0 = Debug|Any CPU
		{099C2F67-2938-04B6-F565-1E73F1563B64}.Release|Any CPU.ActiveCfg = Release|Any CPU
		{099C2F67-2938-04B6-F565-1E73F1563B64}.Release|Any CPU.Build.0 = Release|Any CPU
		{7A4BFC05-5ACB-49C0-0C49-D08856037EE3}.Debug|Any CPU.ActiveCfg = Debug|Any CPU
		{7A4BFC05-5ACB-49C0-0C49-D08856037EE3}.Debug|Any CPU.Build.0 = Debug|Any CPU
		{7A4BFC05-5ACB-49C0-0C49-D08856037EE3}.Release|Any CPU.ActiveCfg = Release|Any CPU
		{7A4BFC05-5ACB-49C0-0C49-D08856037EE3}.Release|Any CPU.Build.0 = Release|Any CPU
		{18A61895-8D45-631D-1BB0-65DF576E23A1}.Debug|Any CPU.ActiveCfg = Debug|Any CPU
		{18A61895-8D45-631D-1BB0-65DF576E23A1}.Debug|Any CPU.Build.0 = Debug|Any CPU
		{18A61895-8D45-631D-1BB0-65DF576E23A1}.Release|Any CPU.ActiveCfg = Release|Any CPU
		{18A61895-8D45-631D-1BB0-65DF576E23A1}.Release|Any CPU.Build.0 = Release|Any CPU
		{A7C73410-B978-59B2-8547-5101B984C856}.Debug|Any CPU.ActiveCfg = Debug|Any CPU
		{A7C73410-B978-59B2-8547-5101B984C856}.Debug|Any CPU.Build.0 = Debug|Any CPU
		{A7C73410-B978-59B2-8547-5101B984C856}.Release|Any CPU.ActiveCfg = Release|Any CPU
		{A7C73410-B978-59B2-8547-5101B984C856}.Release|Any CPU.Build.0 = Release|Any CPU
		{B8CA104B-F077-F276-8605-356963762CBB}.Debug|Any CPU.ActiveCfg = Debug|Any CPU
		{B8CA104B-F077-F276-8605-356963762CBB}.Debug|Any CPU.Build.0 = Debug|Any CPU
		{B8CA104B-F077-F276-8605-356963762CBB}.Release|Any CPU.ActiveCfg = Release|Any CPU
		{B8CA104B-F077-F276-8605-356963762CBB}.Release|Any CPU.Build.0 = Release|Any CPU
		{5D68A33B-221E-F46B-480B-DAA911D7F3C3}.Debug|Any CPU.ActiveCfg = Debug|Any CPU
		{5D68A33B-221E-F46B-480B-DAA911D7F3C3}.Debug|Any CPU.Build.0 = Debug|Any CPU
		{5D68A33B-221E-F46B-480B-DAA911D7F3C3}.Release|Any CPU.ActiveCfg = Release|Any CPU
		{5D68A33B-221E-F46B-480B-DAA911D7F3C3}.Release|Any CPU.Build.0 = Release|Any CPU
		{F5291D83-CD68-1975-B290-CF7F7E7E9680}.Debug|Any CPU.ActiveCfg = Debug|Any CPU
		{F5291D83-CD68-1975-B290-CF7F7E7E9680}.Debug|Any CPU.Build.0 = Debug|Any CPU
		{F5291D83-CD68-1975-B290-CF7F7E7E9680}.Release|Any CPU.ActiveCfg = Release|Any CPU
		{F5291D83-CD68-1975-B290-CF7F7E7E9680}.Release|Any CPU.Build.0 = Release|Any CPU
		{58B0C92B-09FE-3905-F499-EFD22EC1B155}.Debug|Any CPU.ActiveCfg = Debug|Any CPU
		{58B0C92B-09FE-3905-F499-EFD22EC1B155}.Debug|Any CPU.Build.0 = Debug|Any CPU
		{58B0C92B-09FE-3905-F499-EFD22EC1B155}.Release|Any CPU.ActiveCfg = Release|Any CPU
		{58B0C92B-09FE-3905-F499-EFD22EC1B155}.Release|Any CPU.Build.0 = Release|Any CPU
		{ABE988FE-31B5-DE59-8A78-E3DABBD6AECB}.Debug|Any CPU.ActiveCfg = Debug|Any CPU
		{ABE988FE-31B5-DE59-8A78-E3DABBD6AECB}.Debug|Any CPU.Build.0 = Debug|Any CPU
		{ABE988FE-31B5-DE59-8A78-E3DABBD6AECB}.Release|Any CPU.ActiveCfg = Release|Any CPU
		{ABE988FE-31B5-DE59-8A78-E3DABBD6AECB}.Release|Any CPU.Build.0 = Release|Any CPU
		{5F12B090-2ED9-3807-D85A-CAF533AAFA22}.Debug|Any CPU.ActiveCfg = Debug|Any CPU
		{5F12B090-2ED9-3807-D85A-CAF533AAFA22}.Debug|Any CPU.Build.0 = Debug|Any CPU
		{5F12B090-2ED9-3807-D85A-CAF533AAFA22}.Release|Any CPU.ActiveCfg = Release|Any CPU
		{5F12B090-2ED9-3807-D85A-CAF533AAFA22}.Release|Any CPU.Build.0 = Release|Any CPU
		{218AF348-B9B0-DFE1-2153-2D94A5F61CE5}.Debug|Any CPU.ActiveCfg = Debug|Any CPU
		{218AF348-B9B0-DFE1-2153-2D94A5F61CE5}.Debug|Any CPU.Build.0 = Debug|Any CPU
		{218AF348-B9B0-DFE1-2153-2D94A5F61CE5}.Release|Any CPU.ActiveCfg = Release|Any CPU
		{218AF348-B9B0-DFE1-2153-2D94A5F61CE5}.Release|Any CPU.Build.0 = Release|Any CPU
		{D6D99322-9FB5-1BF9-A0CF-D0A130466052}.Debug|Any CPU.ActiveCfg = Debug|Any CPU
		{D6D99322-9FB5-1BF9-A0CF-D0A130466052}.Debug|Any CPU.Build.0 = Debug|Any CPU
		{D6D99322-9FB5-1BF9-A0CF-D0A130466052}.Release|Any CPU.ActiveCfg = Release|Any CPU
		{D6D99322-9FB5-1BF9-A0CF-D0A130466052}.Release|Any CPU.Build.0 = Release|Any CPU
		{F3541684-5006-2AC2-7973-6BC0E57C1194}.Debug|Any CPU.ActiveCfg = Debug|Any CPU
		{F3541684-5006-2AC2-7973-6BC0E57C1194}.Debug|Any CPU.Build.0 = Debug|Any CPU
		{F3541684-5006-2AC2-7973-6BC0E57C1194}.Release|Any CPU.ActiveCfg = Release|Any CPU
		{F3541684-5006-2AC2-7973-6BC0E57C1194}.Release|Any CPU.Build.0 = Release|Any CPU
		{2DF3016B-13B9-832C-6160-FB3EE6DD5E48}.Debug|Any CPU.ActiveCfg = Debug|Any CPU
		{2DF3016B-13B9-832C-6160-FB3EE6DD5E48}.Debug|Any CPU.Build.0 = Debug|Any CPU
		{2DF3016B-13B9-832C-6160-FB3EE6DD5E48}.Release|Any CPU.ActiveCfg = Release|Any CPU
		{2DF3016B-13B9-832C-6160-FB3EE6DD5E48}.Release|Any CPU.Build.0 = Release|Any CPU
		{1ED4F512-CFA2-CD30-D281-FB7724BDBE3B}.Debug|Any CPU.ActiveCfg = Debug|Any CPU
		{1ED4F512-CFA2-CD30-D281-FB7724BDBE3B}.Debug|Any CPU.Build.0 = Debug|Any CPU
		{1ED4F512-CFA2-CD30-D281-FB7724BDBE3B}.Release|Any CPU.ActiveCfg = Release|Any CPU
		{1ED4F512-CFA2-CD30-D281-FB7724BDBE3B}.Release|Any CPU.Build.0 = Release|Any CPU
		{CD76B2E9-06CD-DD10-DCB1-63C6F061D0E2}.Debug|Any CPU.ActiveCfg = Debug|Any CPU
		{CD76B2E9-06CD-DD10-DCB1-63C6F061D0E2}.Debug|Any CPU.Build.0 = Debug|Any CPU
		{CD76B2E9-06CD-DD10-DCB1-63C6F061D0E2}.Release|Any CPU.ActiveCfg = Release|Any CPU
		{CD76B2E9-06CD-DD10-DCB1-63C6F061D0E2}.Release|Any CPU.Build.0 = Release|Any CPU
		{8FBC17AD-2CF8-2396-022E-C2E73833E57C}.Debug|Any CPU.ActiveCfg = Debug|Any CPU
		{8FBC17AD-2CF8-2396-022E-C2E73833E57C}.Debug|Any CPU.Build.0 = Debug|Any CPU
		{8FBC17AD-2CF8-2396-022E-C2E73833E57C}.Release|Any CPU.ActiveCfg = Release|Any CPU
		{8FBC17AD-2CF8-2396-022E-C2E73833E57C}.Release|Any CPU.Build.0 = Release|Any CPU
		{4B3D4D24-C18B-8CA1-4C77-D399EEC81B29}.Debug|Any CPU.ActiveCfg = Debug|Any CPU
		{4B3D4D24-C18B-8CA1-4C77-D399EEC81B29}.Debug|Any CPU.Build.0 = Debug|Any CPU
		{4B3D4D24-C18B-8CA1-4C77-D399EEC81B29}.Release|Any CPU.ActiveCfg = Release|Any CPU
		{4B3D4D24-C18B-8CA1-4C77-D399EEC81B29}.Release|Any CPU.Build.0 = Release|Any CPU
		{4921ABF9-7C7E-8BC1-0995-9E324861255C}.Debug|Any CPU.ActiveCfg = Debug|Any CPU
		{4921ABF9-7C7E-8BC1-0995-9E324861255C}.Debug|Any CPU.Build.0 = Debug|Any CPU
		{4921ABF9-7C7E-8BC1-0995-9E324861255C}.Release|Any CPU.ActiveCfg = Release|Any CPU
		{4921ABF9-7C7E-8BC1-0995-9E324861255C}.Release|Any CPU.Build.0 = Release|Any CPU
		{B83B2497-872E-0DBE-CFD9-808C7B11C50D}.Debug|Any CPU.ActiveCfg = Debug|Any CPU
		{B83B2497-872E-0DBE-CFD9-808C7B11C50D}.Debug|Any CPU.Build.0 = Debug|Any CPU
		{B83B2497-872E-0DBE-CFD9-808C7B11C50D}.Release|Any CPU.ActiveCfg = Release|Any CPU
		{B83B2497-872E-0DBE-CFD9-808C7B11C50D}.Release|Any CPU.Build.0 = Release|Any CPU
		{5B97CE8C-FE63-0292-9468-7A84A1F088B6}.Debug|Any CPU.ActiveCfg = Debug|Any CPU
		{5B97CE8C-FE63-0292-9468-7A84A1F088B6}.Debug|Any CPU.Build.0 = Debug|Any CPU
		{5B97CE8C-FE63-0292-9468-7A84A1F088B6}.Release|Any CPU.ActiveCfg = Release|Any CPU
		{5B97CE8C-FE63-0292-9468-7A84A1F088B6}.Release|Any CPU.Build.0 = Release|Any CPU
		{5E32789A-BD5D-7F40-7370-EC7A86313F4D}.Debug|Any CPU.ActiveCfg = Debug|Any CPU
		{5E32789A-BD5D-7F40-7370-EC7A86313F4D}.Debug|Any CPU.Build.0 = Debug|Any CPU
		{5E32789A-BD5D-7F40-7370-EC7A86313F4D}.Release|Any CPU.ActiveCfg = Release|Any CPU
		{5E32789A-BD5D-7F40-7370-EC7A86313F4D}.Release|Any CPU.Build.0 = Release|Any CPU
		{C4B327D1-A9F4-1EDA-81A7-2AD4D8EABA66}.Debug|Any CPU.ActiveCfg = Debug|Any CPU
		{C4B327D1-A9F4-1EDA-81A7-2AD4D8EABA66}.Debug|Any CPU.Build.0 = Debug|Any CPU
		{C4B327D1-A9F4-1EDA-81A7-2AD4D8EABA66}.Release|Any CPU.ActiveCfg = Release|Any CPU
		{C4B327D1-A9F4-1EDA-81A7-2AD4D8EABA66}.Release|Any CPU.Build.0 = Release|Any CPU
		{24CCC99B-AFAF-ECFB-FDFA-A17DAAD1F0BB}.Debug|Any CPU.ActiveCfg = Debug|Any CPU
		{24CCC99B-AFAF-ECFB-FDFA-A17DAAD1F0BB}.Debug|Any CPU.Build.0 = Debug|Any CPU
		{24CCC99B-AFAF-ECFB-FDFA-A17DAAD1F0BB}.Release|Any CPU.ActiveCfg = Release|Any CPU
		{24CCC99B-AFAF-ECFB-FDFA-A17DAAD1F0BB}.Release|Any CPU.Build.0 = Release|Any CPU
		{896C4CDC-868D-AE41-300E-7FCA16DF08E9}.Debug|Any CPU.ActiveCfg = Debug|Any CPU
		{896C4CDC-868D-AE41-300E-7FCA16DF08E9}.Debug|Any CPU.Build.0 = Debug|Any CPU
		{896C4CDC-868D-AE41-300E-7FCA16DF08E9}.Release|Any CPU.ActiveCfg = Release|Any CPU
		{896C4CDC-868D-AE41-300E-7FCA16DF08E9}.Release|Any CPU.Build.0 = Release|Any CPU
		{551E923E-6BE3-FE91-F745-591DBFA3D442}.Debug|Any CPU.ActiveCfg = Debug|Any CPU
		{551E923E-6BE3-FE91-F745-591DBFA3D442}.Debug|Any CPU.Build.0 = Debug|Any CPU
		{551E923E-6BE3-FE91-F745-591DBFA3D442}.Release|Any CPU.ActiveCfg = Release|Any CPU
		{551E923E-6BE3-FE91-F745-591DBFA3D442}.Release|Any CPU.Build.0 = Release|Any CPU
		{E7E66B6D-F2B2-A337-5F7C-3D5C5001E8B4}.Debug|Any CPU.ActiveCfg = Debug|Any CPU
		{E7E66B6D-F2B2-A337-5F7C-3D5C5001E8B4}.Debug|Any CPU.Build.0 = Debug|Any CPU
		{E7E66B6D-F2B2-A337-5F7C-3D5C5001E8B4}.Release|Any CPU.ActiveCfg = Release|Any CPU
		{E7E66B6D-F2B2-A337-5F7C-3D5C5001E8B4}.Release|Any CPU.Build.0 = Release|Any CPU
		{569E7635-4FE2-E6DC-8AC1-1567FDE96E62}.Debug|Any CPU.ActiveCfg = Debug|Any CPU
		{569E7635-4FE2-E6DC-8AC1-1567FDE96E62}.Debug|Any CPU.Build.0 = Debug|Any CPU
		{569E7635-4FE2-E6DC-8AC1-1567FDE96E62}.Release|Any CPU.ActiveCfg = Release|Any CPU
		{569E7635-4FE2-E6DC-8AC1-1567FDE96E62}.Release|Any CPU.Build.0 = Release|Any CPU
		{024A4D7D-9938-AF74-4426-3ACD2665A6CE}.Debug|Any CPU.ActiveCfg = Debug|Any CPU
		{024A4D7D-9938-AF74-4426-3ACD2665A6CE}.Debug|Any CPU.Build.0 = Debug|Any CPU
		{024A4D7D-9938-AF74-4426-3ACD2665A6CE}.Release|Any CPU.ActiveCfg = Release|Any CPU
		{024A4D7D-9938-AF74-4426-3ACD2665A6CE}.Release|Any CPU.Build.0 = Release|Any CPU
	EndGlobalSection
	GlobalSection(SolutionProperties) = preSolution
		HideSolutionNode = FALSE
	EndGlobalSection
EndGlobal
